
Microsoft Visual Studio Solution File, Format Version 12.00
# Visual Studio Version 17
VisualStudioVersion = 17.14.36203.30
MinimumVisualStudioVersion = 10.0.40219.1
Project("{FAE04EC0-301F-11D3-BF4B-00C04F79EFBC}") = "LabForWeb.EF", "LabForWeb.EF\LabForWeb.EF.csproj", "{63DDC016-48B1-4C98-817E-41D73EA07E12}"
EndProject
Project("{FAE04EC0-301F-11D3-BF4B-00C04F79EFBC}") = "AdventureWorks", "AdventureWorks\AdventureWorks.csproj", "{531DABC6-2D4D-4A61-8860-F10A9D7FDC95}"
EndProject
Project("{FAE04EC0-301F-11D3-BF4B-00C04F79EFBC}") = "LabForWeb.DAL", "LabForWeb.DAL\LabForWeb.DAL.csproj", "{F35323A4-F2E1-4C28-B0B6-55EA5B1DBFE9}"
EndProject
Global
	GlobalSection(SolutionConfigurationPlatforms) = preSolution
		Debug|Any CPU = Debug|Any CPU
		Release|Any CPU = Release|Any CPU
	EndGlobalSection
	GlobalSection(ProjectConfigurationPlatforms) = postSolution
		{63DDC016-48B1-4C98-817E-41D73EA07E12}.Debug|Any CPU.ActiveCfg = Debug|Any CPU
		{63DDC016-48B1-4C98-817E-41D73EA07E12}.Debug|Any CPU.Build.0 = Debug|Any CPU
		{63DDC016-48B1-4C98-817E-41D73EA07E12}.Release|Any CPU.ActiveCfg = Release|Any CPU
		{63DDC016-48B1-4C98-817E-41D73EA07E12}.Release|Any CPU.Build.0 = Release|Any CPU
		{531DABC6-2D4D-4A61-8860-F10A9D7FDC95}.Debug|Any CPU.ActiveCfg = Debug|Any CPU
		{531DABC6-2D4D-4A61-8860-F10A9D7FDC95}.Debug|Any CPU.Build.0 = Debug|Any CPU
		{531DABC6-2D4D-4A61-8860-F10A9D7FDC95}.Release|Any CPU.ActiveCfg = Release|Any CPU
		{531DABC6-2D4D-4A61-8860-F10A9D7FDC95}.Release|Any CPU.Build.0 = Release|Any CPU
		{F35323A4-F2E1-4C28-B0B6-55EA5B1DBFE9}.Debug|Any CPU.ActiveCfg = Debug|Any CPU
		{F35323A4-F2E1-4C28-B0B6-55EA5B1DBFE9}.Debug|Any CPU.Build.0 = Debug|Any CPU
		{F35323A4-F2E1-4C28-B0B6-55EA5B1DBFE9}.Release|Any CPU.ActiveCfg = Release|Any CPU
		{F35323A4-F2E1-4C28-B0B6-55EA5B1DBFE9}.Release|Any CPU.Build.0 = Release|Any CPU
	EndGlobalSection
	GlobalSection(SolutionProperties) = preSolution
		HideSolutionNode = FALSE
	EndGlobalSection
	GlobalSection(ExtensibilityGlobals) = postSolution
		SolutionGuid = {B43A8EE2-CA57-425D-AECD-9AE65C440A27}
	EndGlobalSection
EndGlobal
